
Microsoft Visual Studio Solution File, Format Version 12.00
# Visual Studio Version 16
VisualStudioVersion = 16.0.31025.194
MinimumVisualStudioVersion = 10.0.40219.1
Project("{FAE04EC0-301F-11D3-BF4B-00C04F79EFBC}") = "CustomCodeTestEnv", "CustomCodeTestEnv.csproj", "{D6EFD7B1-7A70-4B0E-BA9A-64F8320B0E4F}"
EndProject
Global
	GlobalSection(SolutionConfigurationPlatforms) = preSolution
		Debug|Any CPU = Debug|Any CPU
		Release|Any CPU = Release|Any CPU
	EndGlobalSection
	GlobalSection(ProjectConfigurationPlatforms) = postSolution
		{D6EFD7B1-7A70-4B0E-BA9A-64F8320B0E4F}.Debug|Any CPU.ActiveCfg = Debug|Any CPU
		{D6EFD7B1-7A70-4B0E-BA9A-64F8320B0E4F}.Debug|Any CPU.Build.0 = Debug|Any CPU
		{D6EFD7B1-7A70-4B0E-BA9A-64F8320B0E4F}.Release|Any CPU.ActiveCfg = Release|Any CPU
		{D6EFD7B1-7A70-4B0E-BA9A-64F8320B0E4F}.Release|Any CPU.Build.0 = Release|Any CPU
	EndGlobalSection
	GlobalSection(SolutionProperties) = preSolution
		HideSolutionNode = FALSE
	EndGlobalSection
	GlobalSection(ExtensibilityGlobals) = postSolution
		SolutionGuid = {B7C265DD-5DC4-4578-A3CF-0DB301648835}
	EndGlobalSection
EndGlobal
